// !$*UTF8*$!
{
	archiveVersion = 1;
	classes = {
	};
	objectVersion = 77;
	objects = {

/* Begin PBXContainerItemProxy section */
		0E36D1662D71A0F80010A129 /* PBXContainerItemProxy */ = {
			isa = PBXContainerItemProxy;
			containerPortal = 0E36D14D2D71A0F70010A129 /* Project object */;
			proxyType = 1;
			remoteGlobalIDString = 0E36D1542D71A0F70010A129;
			remoteInfo = mvvmRecetas;
		};
		0E36D1702D71A0F80010A129 /* PBXContainerItemProxy */ = {
			isa = PBXContainerItemProxy;
			containerPortal = 0E36D14D2D71A0F70010A129 /* Project object */;
			proxyType = 1;
			remoteGlobalIDString = 0E36D1542D71A0F70010A129;
			remoteInfo = mvvmRecetas;
		};
/* End PBXContainerItemProxy section */

/* Begin PBXFileReference section */
		0E36D1552D71A0F70010A129 /* mvvmRecetas.app */ = {isa = PBXFileReference; explicitFileType = wrapper.application; includeInIndex = 0; path = mvvmRecetas.app; sourceTree = BUILT_PRODUCTS_DIR; };
		0E36D1652D71A0F80010A129 /* mvvmRecetasTests.xctest */ = {isa = PBXFileReference; explicitFileType = wrapper.cfbundle; includeInIndex = 0; path = mvvmRecetasTests.xctest; sourceTree = BUILT_PRODUCTS_DIR; };
		0E36D16F2D71A0F80010A129 /* mvvmRecetasUITests.xctest */ = {isa = PBXFileReference; explicitFileType = wrapper.cfbundle; includeInIndex = 0; path = mvvmRecetasUITests.xctest; sourceTree = BUILT_PRODUCTS_DIR; };
/* End PBXFileReference section */

/* Begin PBXFileSystemSynchronizedRootGroup section */
		0E36D1572D71A0F70010A129 /* mvvmRecetas */ = {
			isa = PBXFileSystemSynchronizedRootGroup;
			path = mvvmRecetas;
			sourceTree = "<group>";
		};
		0E36D1682D71A0F80010A129 /* mvvmRecetasTests */ = {
			isa = PBXFileSystemSynchronizedRootGroup;
			path = mvvmRecetasTests;
			sourceTree = "<group>";
		};
		0E36D1722D71A0F80010A129 /* mvvmRecetasUITests */ = {
			isa = PBXFileSystemSynchronizedRootGroup;
			path = mvvmRecetasUITests;
			sourceTree = "<group>";
		};
/* End PBXFileSystemSynchronizedRootGroup section */

/* Begin PBXFrameworksBuildPhase section */
		0E36D1522D71A0F70010A129 /* Frameworks */ = {
			isa = PBXFrameworksBuildPhase;
			buildActionMask = 2147483647;
			files = (
			);
			runOnlyForDeploymentPostprocessing = 0;
		};
		0E36D1622D71A0F80010A129 /* Frameworks */ = {
			isa = PBXFrameworksBuildPhase;
			buildActionMask = 2147483647;
			files = (
			);
			runOnlyForDeploymentPostprocessing = 0;
		};
		0E36D16C2D71A0F80010A129 /* Frameworks */ = {
			isa = PBXFrameworksBuildPhase;
			buildActionMask = 2147483647;
			files = (
			);
			runOnlyForDeploymentPostprocessing = 0;
		};
/* End PBXFrameworksBuildPhase section */

/* Begin PBXGroup section */
		0E36D14C2D71A0F70010A129 = {
			isa = PBXGroup;
			children = (
				0E36D1572D71A0F70010A129 /* mvvmRecetas */,
				0E36D1682D71A0F80010A129 /* mvvmRecetasTests */,
				0E36D1722D71A0F80010A129 /* mvvmRecetasUITests */,
				0E36D1562D71A0F70010A129 /* Products */,
			);
			sourceTree = "<group>";
		};
		0E36D1562D71A0F70010A129 /* Products */ = {
			isa = PBXGroup;
			children = (
				0E36D1552D71A0F70010A129 /* mvvmRecetas.app */,
				0E36D1652D71A0F80010A129 /* mvvmRecetasTests.xctest */,
				0E36D16F2D71A0F80010A129 /* mvvmRecetasUITests.xctest */,
			);
			name = Products;
			sourceTree = "<group>";
		};
/* End PBXGroup section */

/* Begin PBXNativeTarget section */
		0E36D1542D71A0F70010A129 /* mvvmRecetas */ = {
			isa = PBXNativeTarget;
			buildConfigurationList = 0E36D1792D71A0F80010A129 /* Build configuration list for PBXNativeTarget "mvvmRecetas" */;
			buildPhases = (
				0E36D1512D71A0F70010A129 /* Sources */,
				0E36D1522D71A0F70010A129 /* Frameworks */,
				0E36D1532D71A0F70010A129 /* Resources */,
			);
			buildRules = (
			);
			dependencies = (
			);
			fileSystemSynchronizedGroups = (
				0E36D1572D71A0F70010A129 /* mvvmRecetas */,
			);
			name = mvvmRecetas;
			packageProductDependencies = (
			);
			productName = mvvmRecetas;
			productReference = 0E36D1552D71A0F70010A129 /* mvvmRecetas.app */;
			productType = "com.apple.product-type.application";
		};
		0E36D1642D71A0F80010A129 /* mvvmRecetasTests */ = {
			isa = PBXNativeTarget;
			buildConfigurationList = 0E36D17C2D71A0F80010A129 /* Build configuration list for PBXNativeTarget "mvvmRecetasTests" */;
			buildPhases = (
				0E36D1612D71A0F80010A129 /* Sources */,
				0E36D1622D71A0F80010A129 /* Frameworks */,
				0E36D1632D71A0F80010A129 /* Resources */,
			);
			buildRules = (
			);
			dependencies = (
				0E36D1672D71A0F80010A129 /* PBXTargetDependency */,
			);
			fileSystemSynchronizedGroups = (
				0E36D1682D71A0F80010A129 /* mvvmRecetasTests */,
			);
			name = mvvmRecetasTests;
			packageProductDependencies = (
			);
			productName = mvvmRecetasTests;
			productReference = 0E36D1652D71A0F80010A129 /* mvvmRecetasTests.xctest */;
			productType = "com.apple.product-type.bundle.unit-test";
		};
		0E36D16E2D71A0F80010A129 /* mvvmRecetasUITests */ = {
			isa = PBXNativeTarget;
			buildConfigurationList = 0E36D17F2D71A0F80010A129 /* Build configuration list for PBXNativeTarget "mvvmRecetasUITests" */;
			buildPhases = (
				0E36D16B2D71A0F80010A129 /* Sources */,
				0E36D16C2D71A0F80010A129 /* Frameworks */,
				0E36D16D2D71A0F80010A129 /* Resources */,
			);
			buildRules = (
			);
			dependencies = (
				0E36D1712D71A0F80010A129 /* PBXTargetDependency */,
			);
			fileSystemSynchronizedGroups = (
				0E36D1722D71A0F80010A129 /* mvvmRecetasUITests */,
			);
			name = mvvmRecetasUITests;
			packageProductDependencies = (
			);
			productName = mvvmRecetasUITests;
			productReference = 0E36D16F2D71A0F80010A129 /* mvvmRecetasUITests.xctest */;
			productType = "com.apple.product-type.bundle.ui-testing";
		};
/* End PBXNativeTarget section */

/* Begin PBXProject section */
		0E36D14D2D71A0F70010A129 /* Project object */ = {
			isa = PBXProject;
			attributes = {
				BuildIndependentTargetsInParallel = 1;
				LastSwiftUpdateCheck = 1610;
				LastUpgradeCheck = 1610;
				TargetAttributes = {
					0E36D1542D71A0F70010A129 = {
						CreatedOnToolsVersion = 16.1;
					};
					0E36D1642D71A0F80010A129 = {
						CreatedOnToolsVersion = 16.1;
						TestTargetID = 0E36D1542D71A0F70010A129;
					};
					0E36D16E2D71A0F80010A129 = {
						CreatedOnToolsVersion = 16.1;
						TestTargetID = 0E36D1542D71A0F70010A129;
					};
				};
			};
			buildConfigurationList = 0E36D1502D71A0F70010A129 /* Build configuration list for PBXProject "mvvmRecetas" */;
			developmentRegion = en;
			hasScannedForEncodings = 0;
			knownRegions = (
				en,
				Base,
			);
			mainGroup = 0E36D14C2D71A0F70010A129;
			minimizedProjectReferenceProxies = 1;
			preferredProjectObjectVersion = 77;
			productRefGroup = 0E36D1562D71A0F70010A129 /* Products */;
			projectDirPath = "";
			projectRoot = "";
			targets = (
				0E36D1542D71A0F70010A129 /* mvvmRecetas */,
				0E36D1642D71A0F80010A129 /* mvvmRecetasTests */,
				0E36D16E2D71A0F80010A129 /* mvvmRecetasUITests */,
			);
		};
/* End PBXProject section */

/* Begin PBXResourcesBuildPhase section */
		0E36D1532D71A0F70010A129 /* Resources */ = {
			isa = PBXResourcesBuildPhase;
			buildActionMask = 2147483647;
			files = (
			);
			runOnlyForDeploymentPostprocessing = 0;
		};
		0E36D1632D71A0F80010A129 /* Resources */ = {
			isa = PBXResourcesBuildPhase;
			buildActionMask = 2147483647;
			files = (
			);
			runOnlyForDeploymentPostprocessing = 0;
		};
		0E36D16D2D71A0F80010A129 /* Resources */ = {
			isa = PBXResourcesBuildPhase;
			buildActionMask = 2147483647;
			files = (
			);
			runOnlyForDeploymentPostprocessing = 0;
		};
/* End PBXResourcesBuildPhase section */

/* Begin PBXSourcesBuildPhase section */
		0E36D1512D71A0F70010A129 /* Sources */ = {
			isa = PBXSourcesBuildPhase;
			buildActionMask = 2147483647;
			files = (
			);
			runOnlyForDeploymentPostprocessing = 0;
		};
		0E36D1612D71A0F80010A129 /* Sources */ = {
			isa = PBXSourcesBuildPhase;
			buildActionMask = 2147483647;
			files = (
			);
			runOnlyForDeploymentPostprocessing = 0;
		};
		0E36D16B2D71A0F80010A129 /* Sources */ = {
			isa = PBXSourcesBuildPhase;
			buildActionMask = 2147483647;
			files = (
			);
			runOnlyForDeploymentPostprocessing = 0;
		};
/* End PBXSourcesBuildPhase section */

/* Begin PBXTargetDependency section */
		0E36D1672D71A0F80010A129 /* PBXTargetDependency */ = {
			isa = PBXTargetDependency;
			target = 0E36D1542D71A0F70010A129 /* mvvmRecetas */;
			targetProxy = 0E36D1662D71A0F80010A129 /* PBXContainerItemProxy */;
		};
		0E36D1712D71A0F80010A129 /* PBXTargetDependency */ = {
			isa = PBXTargetDependency;
			target = 0E36D1542D71A0F70010A129 /* mvvmRecetas */;
			targetProxy = 0E36D1702D71A0F80010A129 /* PBXContainerItemProxy */;
		};
/* End PBXTargetDependency section */

/* Begin XCBuildConfiguration section */
		0E36D1772D71A0F80010A129 /* Debug */ = {
			isa = XCBuildConfiguration;
			buildSettings = {
				ALWAYS_SEARCH_USER_PATHS = NO;
				ASSETCATALOG_COMPILER_GENERATE_SWIFT_ASSET_SYMBOL_EXTENSIONS = YES;
				CLANG_ANALYZER_NONNULL = YES;
				CLANG_ANALYZER_NUMBER_OBJECT_CONVERSION = YES_AGGRESSIVE;
				CLANG_CXX_LANGUAGE_STANDARD = "gnu++20";
				CLANG_ENABLE_MODULES = YES;
				CLANG_ENABLE_OBJC_ARC = YES;
				CLANG_ENABLE_OBJC_WEAK = YES;
				CLANG_WARN_BLOCK_CAPTURE_AUTORELEASING = YES;
				CLANG_WARN_BOOL_CONVERSION = YES;
				CLANG_WARN_COMMA = YES;
				CLANG_WARN_CONSTANT_CONVERSION = YES;
				CLANG_WARN_DEPRECATED_OBJC_IMPLEMENTATIONS = YES;
				CLANG_WARN_DIRECT_OBJC_ISA_USAGE = YES_ERROR;
				CLANG_WARN_DOCUMENTATION_COMMENTS = YES;
				CLANG_WARN_EMPTY_BODY = YES;
				CLANG_WARN_ENUM_CONVERSION = YES;
				CLANG_WARN_INFINITE_RECURSION = YES;
				CLANG_WARN_INT_CONVERSION = YES;
				CLANG_WARN_NON_LITERAL_NULL_CONVERSION = YES;
				CLANG_WARN_OBJC_IMPLICIT_RETAIN_SELF = YES;
				CLANG_WARN_OBJC_LITERAL_CONVERSION = YES;
				CLANG_WARN_OBJC_ROOT_CLASS = YES_ERROR;
				CLANG_WARN_QUOTED_INCLUDE_IN_FRAMEWORK_HEADER = YES;
				CLANG_WARN_RANGE_LOOP_ANALYSIS = YES;
				CLANG_WARN_STRICT_PROTOTYPES = YES;
				CLANG_WARN_SUSPICIOUS_MOVE = YES;
				CLANG_WARN_UNGUARDED_AVAILABILITY = YES_AGGRESSIVE;
				CLANG_WARN_UNREACHABLE_CODE = YES;
				CLANG_WARN__DUPLICATE_METHOD_MATCH = YES;
				COPY_PHASE_STRIP = NO;
				DEBUG_INFORMATION_FORMAT = dwarf;
				ENABLE_STRICT_OBJC_MSGSEND = YES;
				ENABLE_TESTABILITY = YES;
				ENABLE_USER_SCRIPT_SANDBOXING = YES;
				GCC_C_LANGUAGE_STANDARD = gnu17;
				GCC_DYNAMIC_NO_PIC = NO;
				GCC_NO_COMMON_BLOCKS = YES;
				GCC_OPTIMIZATION_LEVEL = 0;
				GCC_PREPROCESSOR_DEFINITIONS = (
					"DEBUG=1",
					"$(inherited)",
				);
				GCC_WARN_64_TO_32_BIT_CONVERSION = YES;
				GCC_WARN_ABOUT_RETURN_TYPE = YES_ERROR;
				GCC_WARN_UNDECLARED_SELECTOR = YES;
				GCC_WARN_UNINITIALIZED_AUTOS = YES_AGGRESSIVE;
				GCC_WARN_UNUSED_FUNCTION = YES;
				GCC_WARN_UNUSED_VARIABLE = YES;
				IPHONEOS_DEPLOYMENT_TARGET = 18.1;
				LOCALIZATION_PREFERS_STRING_CATALOGS = YES;
				MTL_ENABLE_DEBUG_INFO = INCLUDE_SOURCE;
				MTL_FAST_MATH = YES;
				ONLY_ACTIVE_ARCH = YES;
				SDKROOT = iphoneos;
				SWIFT_ACTIVE_COMPILATION_CONDITIONS = "DEBUG $(inherited)";
				SWIFT_OPTIMIZATION_LEVEL = "-Onone";
			};
			name = Debug;
		};
		0E36D1782D71A0F80010A129 /* Release */ = {
			isa = XCBuildConfiguration;
			buildSettings = {
				ALWAYS_SEARCH_USER_PATHS = NO;
				ASSETCATALOG_COMPILER_GENERATE_SWIFT_ASSET_SYMBOL_EXTENSIONS = YES;
				CLANG_ANALYZER_NONNULL = YES;
				CLANG_ANALYZER_NUMBER_OBJECT_CONVERSION = YES_AGGRESSIVE;
				CLANG_CXX_LANGUAGE_STANDARD = "gnu++20";
				CLANG_ENABLE_MODULES = YES;
				CLANG_ENABLE_OBJC_ARC = YES;
				CLANG_ENABLE_OBJC_WEAK = YES;
				CLANG_WARN_BLOCK_CAPTURE_AUTORELEASING = YES;
				CLANG_WARN_BOOL_CONVERSION = YES;
				CLANG_WARN_COMMA = YES;
				CLANG_WARN_CONSTANT_CONVERSION = YES;
				CLANG_WARN_DEPRECATED_OBJC_IMPLEMENTATIONS = YES;
				CLANG_WARN_DIRECT_OBJC_ISA_USAGE = YES_ERROR;
				CLANG_WARN_DOCUMENTATION_COMMENTS = YES;
				CLANG_WARN_EMPTY_BODY = YES;
				CLANG_WARN_ENUM_CONVERSION = YES;
				CLANG_WARN_INFINITE_RECURSION = YES;
				CLANG_WARN_INT_CONVERSION = YES;
				CLANG_WARN_NON_LITERAL_NULL_CONVERSION = YES;
				CLANG_WARN_OBJC_IMPLICIT_RETAIN_SELF = YES;
				CLANG_WARN_OBJC_LITERAL_CONVERSION = YES;
				CLANG_WARN_OBJC_ROOT_CLASS = YES_ERROR;
				CLANG_WARN_QUOTED_INCLUDE_IN_FRAMEWORK_HEADER = YES;
				CLANG_WARN_RANGE_LOOP_ANALYSIS = YES;
				CLANG_WARN_STRICT_PROTOTYPES = YES;
				CLANG_WARN_SUSPICIOUS_MOVE = YES;
				CLANG_WARN_UNGUARDED_AVAILABILITY = YES_AGGRESSIVE;
				CLANG_WARN_UNREACHABLE_CODE = YES;
				CLANG_WARN__DUPLICATE_METHOD_MATCH = YES;
				COPY_PHASE_STRIP = NO;
				DEBUG_INFORMATION_FORMAT = "dwarf-with-dsym";
				ENABLE_NS_ASSERTIONS = NO;
				ENABLE_STRICT_OBJC_MSGSEND = YES;
				ENABLE_USER_SCRIPT_SANDBOXING = YES;
				GCC_C_LANGUAGE_STANDARD = gnu17;
				GCC_NO_COMMON_BLOCKS = YES;
				GCC_WARN_64_TO_32_BIT_CONVERSION = YES;
				GCC_WARN_ABOUT_RETURN_TYPE = YES_ERROR;
				GCC_WARN_UNDECLARED_SELECTOR = YES;
				GCC_WARN_UNINITIALIZED_AUTOS = YES_AGGRESSIVE;
				GCC_WARN_UNUSED_FUNCTION = YES;
				GCC_WARN_UNUSED_VARIABLE = YES;
				IPHONEOS_DEPLOYMENT_TARGET = 18.1;
				LOCALIZATION_PREFERS_STRING_CATALOGS = YES;
				MTL_ENABLE_DEBUG_INFO = NO;
				MTL_FAST_MATH = YES;
				SDKROOT = iphoneos;
				SWIFT_COMPILATION_MODE = wholemodule;
				VALIDATE_PRODUCT = YES;
			};
			name = Release;
		};
		0E36D17A2D71A0F80010A129 /* Debug */ = {
			isa = XCBuildConfiguration;
			buildSettings = {
				ASSETCATALOG_COMPILER_APPICON_NAME = AppIcon;
				ASSETCATALOG_COMPILER_GLOBAL_ACCENT_COLOR_NAME = AccentColor;
				CODE_SIGN_STYLE = Automatic;
				CURRENT_PROJECT_VERSION = 1;
				DEVELOPMENT_ASSET_PATHS = "\"mvvmRecetas/Preview Content\"";
				ENABLE_PREVIEWS = YES;
				GENERATE_INFOPLIST_FILE = YES;
				INFOPLIST_KEY_UIApplicationSceneManifest_Generation = YES;
				INFOPLIST_KEY_UIApplicationSupportsIndirectInputEvents = YES;
				INFOPLIST_KEY_UILaunchScreen_Generation = YES;
				INFOPLIST_KEY_UISupportedInterfaceOrientations_iPad = "UIInterfaceOrientationPortrait UIInterfaceOrientationPortraitUpsideDown UIInterfaceOrientationLandscapeLeft UIInterfaceOrientationLandscapeRight";
				INFOPLIST_KEY_UISupportedInterfaceOrientations_iPhone = "UIInterfaceOrientationPortrait UIInterfaceOrientationLandscapeLeft UIInterfaceOrientationLandscapeRight";
				LD_RUNPATH_SEARCH_PATHS = (
					"$(inherited)",
					"@executable_path/Frameworks",
				);
				MARKETING_VERSION = 1.0;
				PRODUCT_BUNDLE_IDENTIFIER = utad.mvvmRecetas;
				PRODUCT_NAME = "$(TARGET_NAME)";
				SWIFT_EMIT_LOC_STRINGS = YES;
				SWIFT_VERSION = 5.0;
				TARGETED_DEVICE_FAMILY = "1,2";
			};
			name = Debug;
		};
		0E36D17B2D71A0F80010A129 /* Release */ = {
			isa = XCBuildConfiguration;
			buildSettings = {
				ASSETCATALOG_COMPILER_APPICON_NAME = AppIcon;
				ASSETCATALOG_COMPILER_GLOBAL_ACCENT_COLOR_NAME = AccentColor;
				CODE_SIGN_STYLE = Automatic;
				CURRENT_PROJECT_VERSION = 1;
				DEVELOPMENT_ASSET_PATHS = "\"mvvmRecetas/Preview Content\"";
				ENABLE_PREVIEWS = YES;
				GENERATE_INFOPLIST_FILE = YES;
				INFOPLIST_KEY_UIApplicationSceneManifest_Generation = YES;
				INFOPLIST_KEY_UIApplicationSupportsIndirectInputEvents = YES;
				INFOPLIST_KEY_UILaunchScreen_Generation = YES;
				INFOPLIST_KEY_UISupportedInterfaceOrientations_iPad = "UIInterfaceOrientationPortrait UIInterfaceOrientationPortraitUpsideDown UIInterfaceOrientationLandscapeLeft UIInterfaceOrientationLandscapeRight";
				INFOPLIST_KEY_UISupportedInterfaceOrientations_iPhone = "UIInterfaceOrientationPortrait UIInterfaceOrientationLandscapeLeft UIInterfaceOrientationLandscapeRight";
				LD_RUNPATH_SEARCH_PATHS = (
					"$(inherited)",
					"@executable_path/Frameworks",
				);
				MARKETING_VERSION = 1.0;
				PRODUCT_BUNDLE_IDENTIFIER = utad.mvvmRecetas;
				PRODUCT_NAME = "$(TARGET_NAME)";
				SWIFT_EMIT_LOC_STRINGS = YES;
				SWIFT_VERSION = 5.0;
				TARGETED_DEVICE_FAMILY = "1,2";
			};
			name = Release;
		};
		0E36D17D2D71A0F80010A129 /* Debug */ = {
			isa = XCBuildConfiguration;
			buildSettings = {
				BUNDLE_LOADER = "$(TEST_HOST)";
				CODE_SIGN_STYLE = Automatic;
				CURRENT_PROJECT_VERSION = 1;
				GENERATE_INFOPLIST_FILE = YES;
				IPHONEOS_DEPLOYMENT_TARGET = 18.1;
				MARKETING_VERSION = 1.0;
				PRODUCT_BUNDLE_IDENTIFIER = utad.mvvmRecetasTests;
				PRODUCT_NAME = "$(TARGET_NAME)";
				SWIFT_EMIT_LOC_STRINGS = NO;
				SWIFT_VERSION = 5.0;
				TARGETED_DEVICE_FAMILY = "1,2";
				TEST_HOST = "$(BUILT_PRODUCTS_DIR)/mvvmRecetas.app/$(BUNDLE_EXECUTABLE_FOLDER_PATH)/mvvmRecetas";
			};
			name = Debug;
		};
		0E36D17E2D71A0F80010A129 /* Release */ = {
			isa = XCBuildConfiguration;
			buildSettings = {
				BUNDLE_LOADER = "$(TEST_HOST)";
				CODE_SIGN_STYLE = Automatic;
				CURRENT_PROJECT_VERSION = 1;
				GENERATE_INFOPLIST_FILE = YES;
				IPHONEOS_DEPLOYMENT_TARGET = 18.1;
				MARKETING_VERSION = 1.0;
				PRODUCT_BUNDLE_IDENTIFIER = utad.mvvmRecetasTests;
				PRODUCT_NAME = "$(TARGET_NAME)";
				SWIFT_EMIT_LOC_STRINGS = NO;
				SWIFT_VERSION = 5.0;
				TARGETED_DEVICE_FAMILY = "1,2";
				TEST_HOST = "$(BUILT_PRODUCTS_DIR)/mvvmRecetas.app/$(BUNDLE_EXECUTABLE_FOLDER_PATH)/mvvmRecetas";
			};
			name = Release;
		};
		0E36D1802D71A0F80010A129 /* Debug */ = {
			isa = XCBuildConfiguration;
			buildSettings = {
				CODE_SIGN_STYLE = Automatic;
				CURRENT_PROJECT_VERSION = 1;
				GENERATE_INFOPLIST_FILE = YES;
				MARKETING_VERSION = 1.0;
				PRODUCT_BUNDLE_IDENTIFIER = utad.mvvmRecetasUITests;
				PRODUCT_NAME = "$(TARGET_NAME)";
				SWIFT_EMIT_LOC_STRINGS = NO;
				SWIFT_VERSION = 5.0;
				TARGETED_DEVICE_FAMILY = "1,2";
				TEST_TARGET_NAME = mvvmRecetas;
			};
			name = Debug;
		};
		0E36D1812D71A0F80010A129 /* Release */ = {
			isa = XCBuildConfiguration;
			buildSettings = {
				CODE_SIGN_STYLE = Automatic;
				CURRENT_PROJECT_VERSION = 1;
				GENERATE_INFOPLIST_FILE = YES;
				MARKETING_VERSION = 1.0;
				PRODUCT_BUNDLE_IDENTIFIER = utad.mvvmRecetasUITests;
				PRODUCT_NAME = "$(TARGET_NAME)";
				SWIFT_EMIT_LOC_STRINGS = NO;
				SWIFT_VERSION = 5.0;
				TARGETED_DEVICE_FAMILY = "1,2";
				TEST_TARGET_NAME = mvvmRecetas;
			};
			name = Release;
		};
/* End XCBuildConfiguration section */

/* Begin XCConfigurationList section */
		0E36D1502D71A0F70010A129 /* Build configuration list for PBXProject "mvvmRecetas" */ = {
			isa = XCConfigurationList;
			buildConfigurations = (
				0E36D1772D71A0F80010A129 /* Debug */,
				0E36D1782D71A0F80010A129 /* Release */,
			);
			defaultConfigurationIsVisible = 0;
			defaultConfigurationName = Release;
		};
		0E36D1792D71A0F80010A129 /* Build configuration list for PBXNativeTarget "mvvmRecetas" */ = {
			isa = XCConfigurationList;
			buildConfigurations = (
				0E36D17A2D71A0F80010A129 /* Debug */,
				0E36D17B2D71A0F80010A129 /* Release */,
			);
			defaultConfigurationIsVisible = 0;
			defaultConfigurationName = Release;
		};
		0E36D17C2D71A0F80010A129 /* Build configuration list for PBXNativeTarget "mvvmRecetasTests" */ = {
			isa = XCConfigurationList;
			buildConfigurations = (
				0E36D17D2D71A0F80010A129 /* Debug */,
				0E36D17E2D71A0F80010A129 /* Release */,
			);
			defaultConfigurationIsVisible = 0;
			defaultConfigurationName = Release;
		};
		0E36D17F2D71A0F80010A129 /* Build configuration list for PBXNativeTarget "mvvmRecetasUITests" */ = {
			isa = XCConfigurationList;
			buildConfigurations = (
				0E36D1802D71A0F80010A129 /* Debug */,
				0E36D1812D71A0F80010A129 /* Release */,
			);
			defaultConfigurationIsVisible = 0;
			defaultConfigurationName = Release;
		};
/* End XCConfigurationList section */
	};
	rootObject = 0E36D14D2D71A0F70010A129 /* Project object */;
}
