// !$*UTF8*$!
{
	archiveVersion = 1;
	classes = {
	};
	objectVersion = 77;
	objects = {

/* Begin PBXContainerItemProxy section */
		0E93663A2D704DC0007FF3D7 /* PBXContainerItemProxy */ = {
			isa = PBXContainerItemProxy;
			containerPortal = 0E9366212D704DBF007FF3D7 /* Project object */;
			proxyType = 1;
			remoteGlobalIDString = 0E9366282D704DBF007FF3D7;
			remoteInfo = RepasoExamen;
		};
		0E9366442D704DC0007FF3D7 /* PBXContainerItemProxy */ = {
			isa = PBXContainerItemProxy;
			containerPortal = 0E9366212D704DBF007FF3D7 /* Project object */;
			proxyType = 1;
			remoteGlobalIDString = 0E9366282D704DBF007FF3D7;
			remoteInfo = RepasoExamen;
		};
/* End PBXContainerItemProxy section */

/* Begin PBXFileReference section */
		0E9366292D704DBF007FF3D7 /* RepasoExamen.app */ = {isa = PBXFileReference; explicitFileType = wrapper.application; includeInIndex = 0; path = RepasoExamen.app; sourceTree = BUILT_PRODUCTS_DIR; };
		0E9366392D704DC0007FF3D7 /* RepasoExamenTests.xctest */ = {isa = PBXFileReference; explicitFileType = wrapper.cfbundle; includeInIndex = 0; path = RepasoExamenTests.xctest; sourceTree = BUILT_PRODUCTS_DIR; };
		0E9366432D704DC0007FF3D7 /* RepasoExamenUITests.xctest */ = {isa = PBXFileReference; explicitFileType = wrapper.cfbundle; includeInIndex = 0; path = RepasoExamenUITests.xctest; sourceTree = BUILT_PRODUCTS_DIR; };
/* End PBXFileReference section */

/* Begin PBXFileSystemSynchronizedRootGroup section */
		0E93662B2D704DBF007FF3D7 /* RepasoExamen */ = {
			isa = PBXFileSystemSynchronizedRootGroup;
			path = RepasoExamen;
			sourceTree = "<group>";
		};
		0E93663C2D704DC0007FF3D7 /* RepasoExamenTests */ = {
			isa = PBXFileSystemSynchronizedRootGroup;
			path = RepasoExamenTests;
			sourceTree = "<group>";
		};
		0E9366462D704DC0007FF3D7 /* RepasoExamenUITests */ = {
			isa = PBXFileSystemSynchronizedRootGroup;
			path = RepasoExamenUITests;
			sourceTree = "<group>";
		};
/* End PBXFileSystemSynchronizedRootGroup section */

/* Begin PBXFrameworksBuildPhase section */
		0E9366262D704DBF007FF3D7 /* Frameworks */ = {
			isa = PBXFrameworksBuildPhase;
			buildActionMask = 2147483647;
			files = (
			);
			runOnlyForDeploymentPostprocessing = 0;
		};
		0E9366362D704DC0007FF3D7 /* Frameworks */ = {
			isa = PBXFrameworksBuildPhase;
			buildActionMask = 2147483647;
			files = (
			);
			runOnlyForDeploymentPostprocessing = 0;
		};
		0E9366402D704DC0007FF3D7 /* Frameworks */ = {
			isa = PBXFrameworksBuildPhase;
			buildActionMask = 2147483647;
			files = (
			);
			runOnlyForDeploymentPostprocessing = 0;
		};
/* End PBXFrameworksBuildPhase section */

/* Begin PBXGroup section */
		0E9366202D704DBF007FF3D7 = {
			isa = PBXGroup;
			children = (
				0E93662B2D704DBF007FF3D7 /* RepasoExamen */,
				0E93663C2D704DC0007FF3D7 /* RepasoExamenTests */,
				0E9366462D704DC0007FF3D7 /* RepasoExamenUITests */,
				0E93662A2D704DBF007FF3D7 /* Products */,
			);
			sourceTree = "<group>";
		};
		0E93662A2D704DBF007FF3D7 /* Products */ = {
			isa = PBXGroup;
			children = (
				0E9366292D704DBF007FF3D7 /* RepasoExamen.app */,
				0E9366392D704DC0007FF3D7 /* RepasoExamenTests.xctest */,
				0E9366432D704DC0007FF3D7 /* RepasoExamenUITests.xctest */,
			);
			name = Products;
			sourceTree = "<group>";
		};
/* End PBXGroup section */

/* Begin PBXNativeTarget section */
		0E9366282D704DBF007FF3D7 /* RepasoExamen */ = {
			isa = PBXNativeTarget;
			buildConfigurationList = 0E93664D2D704DC0007FF3D7 /* Build configuration list for PBXNativeTarget "RepasoExamen" */;
			buildPhases = (
				0E9366252D704DBF007FF3D7 /* Sources */,
				0E9366262D704DBF007FF3D7 /* Frameworks */,
				0E9366272D704DBF007FF3D7 /* Resources */,
			);
			buildRules = (
			);
			dependencies = (
			);
			fileSystemSynchronizedGroups = (
				0E93662B2D704DBF007FF3D7 /* RepasoExamen */,
			);
			name = RepasoExamen;
			packageProductDependencies = (
			);
			productName = RepasoExamen;
			productReference = 0E9366292D704DBF007FF3D7 /* RepasoExamen.app */;
			productType = "com.apple.product-type.application";
		};
		0E9366382D704DC0007FF3D7 /* RepasoExamenTests */ = {
			isa = PBXNativeTarget;
			buildConfigurationList = 0E9366502D704DC0007FF3D7 /* Build configuration list for PBXNativeTarget "RepasoExamenTests" */;
			buildPhases = (
				0E9366352D704DC0007FF3D7 /* Sources */,
				0E9366362D704DC0007FF3D7 /* Frameworks */,
				0E9366372D704DC0007FF3D7 /* Resources */,
			);
			buildRules = (
			);
			dependencies = (
				0E93663B2D704DC0007FF3D7 /* PBXTargetDependency */,
			);
			fileSystemSynchronizedGroups = (
				0E93663C2D704DC0007FF3D7 /* RepasoExamenTests */,
			);
			name = RepasoExamenTests;
			packageProductDependencies = (
			);
			productName = RepasoExamenTests;
			productReference = 0E9366392D704DC0007FF3D7 /* RepasoExamenTests.xctest */;
			productType = "com.apple.product-type.bundle.unit-test";
		};
		0E9366422D704DC0007FF3D7 /* RepasoExamenUITests */ = {
			isa = PBXNativeTarget;
			buildConfigurationList = 0E9366532D704DC0007FF3D7 /* Build configuration list for PBXNativeTarget "RepasoExamenUITests" */;
			buildPhases = (
				0E93663F2D704DC0007FF3D7 /* Sources */,
				0E9366402D704DC0007FF3D7 /* Frameworks */,
				0E9366412D704DC0007FF3D7 /* Resources */,
			);
			buildRules = (
			);
			dependencies = (
				0E9366452D704DC0007FF3D7 /* PBXTargetDependency */,
			);
			fileSystemSynchronizedGroups = (
				0E9366462D704DC0007FF3D7 /* RepasoExamenUITests */,
			);
			name = RepasoExamenUITests;
			packageProductDependencies = (
			);
			productName = RepasoExamenUITests;
			productReference = 0E9366432D704DC0007FF3D7 /* RepasoExamenUITests.xctest */;
			productType = "com.apple.product-type.bundle.ui-testing";
		};
/* End PBXNativeTarget section */

/* Begin PBXProject section */
		0E9366212D704DBF007FF3D7 /* Project object */ = {
			isa = PBXProject;
			attributes = {
				BuildIndependentTargetsInParallel = 1;
				LastSwiftUpdateCheck = 1610;
				LastUpgradeCheck = 1610;
				TargetAttributes = {
					0E9366282D704DBF007FF3D7 = {
						CreatedOnToolsVersion = 16.1;
					};
					0E9366382D704DC0007FF3D7 = {
						CreatedOnToolsVersion = 16.1;
						TestTargetID = 0E9366282D704DBF007FF3D7;
					};
					0E9366422D704DC0007FF3D7 = {
						CreatedOnToolsVersion = 16.1;
						TestTargetID = 0E9366282D704DBF007FF3D7;
					};
				};
			};
			buildConfigurationList = 0E9366242D704DBF007FF3D7 /* Build configuration list for PBXProject "RepasoExamen" */;
			developmentRegion = en;
			hasScannedForEncodings = 0;
			knownRegions = (
				en,
				Base,
			);
			mainGroup = 0E9366202D704DBF007FF3D7;
			minimizedProjectReferenceProxies = 1;
			preferredProjectObjectVersion = 77;
			productRefGroup = 0E93662A2D704DBF007FF3D7 /* Products */;
			projectDirPath = "";
			projectRoot = "";
			targets = (
				0E9366282D704DBF007FF3D7 /* RepasoExamen */,
				0E9366382D704DC0007FF3D7 /* RepasoExamenTests */,
				0E9366422D704DC0007FF3D7 /* RepasoExamenUITests */,
			);
		};
/* End PBXProject section */

/* Begin PBXResourcesBuildPhase section */
		0E9366272D704DBF007FF3D7 /* Resources */ = {
			isa = PBXResourcesBuildPhase;
			buildActionMask = 2147483647;
			files = (
			);
			runOnlyForDeploymentPostprocessing = 0;
		};
		0E9366372D704DC0007FF3D7 /* Resources */ = {
			isa = PBXResourcesBuildPhase;
			buildActionMask = 2147483647;
			files = (
			);
			runOnlyForDeploymentPostprocessing = 0;
		};
		0E9366412D704DC0007FF3D7 /* Resources */ = {
			isa = PBXResourcesBuildPhase;
			buildActionMask = 2147483647;
			files = (
			);
			runOnlyForDeploymentPostprocessing = 0;
		};
/* End PBXResourcesBuildPhase section */

/* Begin PBXSourcesBuildPhase section */
		0E9366252D704DBF007FF3D7 /* Sources */ = {
			isa = PBXSourcesBuildPhase;
			buildActionMask = 2147483647;
			files = (
			);
			runOnlyForDeploymentPostprocessing = 0;
		};
		0E9366352D704DC0007FF3D7 /* Sources */ = {
			isa = PBXSourcesBuildPhase;
			buildActionMask = 2147483647;
			files = (
			);
			runOnlyForDeploymentPostprocessing = 0;
		};
		0E93663F2D704DC0007FF3D7 /* Sources */ = {
			isa = PBXSourcesBuildPhase;
			buildActionMask = 2147483647;
			files = (
			);
			runOnlyForDeploymentPostprocessing = 0;
		};
/* End PBXSourcesBuildPhase section */

/* Begin PBXTargetDependency section */
		0E93663B2D704DC0007FF3D7 /* PBXTargetDependency */ = {
			isa = PBXTargetDependency;
			target = 0E9366282D704DBF007FF3D7 /* RepasoExamen */;
			targetProxy = 0E93663A2D704DC0007FF3D7 /* PBXContainerItemProxy */;
		};
		0E9366452D704DC0007FF3D7 /* PBXTargetDependency */ = {
			isa = PBXTargetDependency;
			target = 0E9366282D704DBF007FF3D7 /* RepasoExamen */;
			targetProxy = 0E9366442D704DC0007FF3D7 /* PBXContainerItemProxy */;
		};
/* End PBXTargetDependency section */

/* Begin XCBuildConfiguration section */
		0E93664B2D704DC0007FF3D7 /* Debug */ = {
			isa = XCBuildConfiguration;
			buildSettings = {
				ALWAYS_SEARCH_USER_PATHS = NO;
				ASSETCATALOG_COMPILER_GENERATE_SWIFT_ASSET_SYMBOL_EXTENSIONS = YES;
				CLANG_ANALYZER_NONNULL = YES;
				CLANG_ANALYZER_NUMBER_OBJECT_CONVERSION = YES_AGGRESSIVE;
				CLANG_CXX_LANGUAGE_STANDARD = "gnu++20";
				CLANG_ENABLE_MODULES = YES;
				CLANG_ENABLE_OBJC_ARC = YES;
				CLANG_ENABLE_OBJC_WEAK = YES;
				CLANG_WARN_BLOCK_CAPTURE_AUTORELEASING = YES;
				CLANG_WARN_BOOL_CONVERSION = YES;
				CLANG_WARN_COMMA = YES;
				CLANG_WARN_CONSTANT_CONVERSION = YES;
				CLANG_WARN_DEPRECATED_OBJC_IMPLEMENTATIONS = YES;
				CLANG_WARN_DIRECT_OBJC_ISA_USAGE = YES_ERROR;
				CLANG_WARN_DOCUMENTATION_COMMENTS = YES;
				CLANG_WARN_EMPTY_BODY = YES;
				CLANG_WARN_ENUM_CONVERSION = YES;
				CLANG_WARN_INFINITE_RECURSION = YES;
				CLANG_WARN_INT_CONVERSION = YES;
				CLANG_WARN_NON_LITERAL_NULL_CONVERSION = YES;
				CLANG_WARN_OBJC_IMPLICIT_RETAIN_SELF = YES;
				CLANG_WARN_OBJC_LITERAL_CONVERSION = YES;
				CLANG_WARN_OBJC_ROOT_CLASS = YES_ERROR;
				CLANG_WARN_QUOTED_INCLUDE_IN_FRAMEWORK_HEADER = YES;
				CLANG_WARN_RANGE_LOOP_ANALYSIS = YES;
				CLANG_WARN_STRICT_PROTOTYPES = YES;
				CLANG_WARN_SUSPICIOUS_MOVE = YES;
				CLANG_WARN_UNGUARDED_AVAILABILITY = YES_AGGRESSIVE;
				CLANG_WARN_UNREACHABLE_CODE = YES;
				CLANG_WARN__DUPLICATE_METHOD_MATCH = YES;
				COPY_PHASE_STRIP = NO;
				DEBUG_INFORMATION_FORMAT = dwarf;
				ENABLE_STRICT_OBJC_MSGSEND = YES;
				ENABLE_TESTABILITY = YES;
				ENABLE_USER_SCRIPT_SANDBOXING = YES;
				GCC_C_LANGUAGE_STANDARD = gnu17;
				GCC_DYNAMIC_NO_PIC = NO;
				GCC_NO_COMMON_BLOCKS = YES;
				GCC_OPTIMIZATION_LEVEL = 0;
				GCC_PREPROCESSOR_DEFINITIONS = (
					"DEBUG=1",
					"$(inherited)",
				);
				GCC_WARN_64_TO_32_BIT_CONVERSION = YES;
				GCC_WARN_ABOUT_RETURN_TYPE = YES_ERROR;
				GCC_WARN_UNDECLARED_SELECTOR = YES;
				GCC_WARN_UNINITIALIZED_AUTOS = YES_AGGRESSIVE;
				GCC_WARN_UNUSED_FUNCTION = YES;
				GCC_WARN_UNUSED_VARIABLE = YES;
				IPHONEOS_DEPLOYMENT_TARGET = 18.1;
				LOCALIZATION_PREFERS_STRING_CATALOGS = YES;
				MTL_ENABLE_DEBUG_INFO = INCLUDE_SOURCE;
				MTL_FAST_MATH = YES;
				ONLY_ACTIVE_ARCH = YES;
				SDKROOT = iphoneos;
				SWIFT_ACTIVE_COMPILATION_CONDITIONS = "DEBUG $(inherited)";
				SWIFT_OPTIMIZATION_LEVEL = "-Onone";
			};
			name = Debug;
		};
		0E93664C2D704DC0007FF3D7 /* Release */ = {
			isa = XCBuildConfiguration;
			buildSettings = {
				ALWAYS_SEARCH_USER_PATHS = NO;
				ASSETCATALOG_COMPILER_GENERATE_SWIFT_ASSET_SYMBOL_EXTENSIONS = YES;
				CLANG_ANALYZER_NONNULL = YES;
				CLANG_ANALYZER_NUMBER_OBJECT_CONVERSION = YES_AGGRESSIVE;
				CLANG_CXX_LANGUAGE_STANDARD = "gnu++20";
				CLANG_ENABLE_MODULES = YES;
				CLANG_ENABLE_OBJC_ARC = YES;
				CLANG_ENABLE_OBJC_WEAK = YES;
				CLANG_WARN_BLOCK_CAPTURE_AUTORELEASING = YES;
				CLANG_WARN_BOOL_CONVERSION = YES;
				CLANG_WARN_COMMA = YES;
				CLANG_WARN_CONSTANT_CONVERSION = YES;
				CLANG_WARN_DEPRECATED_OBJC_IMPLEMENTATIONS = YES;
				CLANG_WARN_DIRECT_OBJC_ISA_USAGE = YES_ERROR;
				CLANG_WARN_DOCUMENTATION_COMMENTS = YES;
				CLANG_WARN_EMPTY_BODY = YES;
				CLANG_WARN_ENUM_CONVERSION = YES;
				CLANG_WARN_INFINITE_RECURSION = YES;
				CLANG_WARN_INT_CONVERSION = YES;
				CLANG_WARN_NON_LITERAL_NULL_CONVERSION = YES;
				CLANG_WARN_OBJC_IMPLICIT_RETAIN_SELF = YES;
				CLANG_WARN_OBJC_LITERAL_CONVERSION = YES;
				CLANG_WARN_OBJC_ROOT_CLASS = YES_ERROR;
				CLANG_WARN_QUOTED_INCLUDE_IN_FRAMEWORK_HEADER = YES;
				CLANG_WARN_RANGE_LOOP_ANALYSIS = YES;
				CLANG_WARN_STRICT_PROTOTYPES = YES;
				CLANG_WARN_SUSPICIOUS_MOVE = YES;
				CLANG_WARN_UNGUARDED_AVAILABILITY = YES_AGGRESSIVE;
				CLANG_WARN_UNREACHABLE_CODE = YES;
				CLANG_WARN__DUPLICATE_METHOD_MATCH = YES;
				COPY_PHASE_STRIP = NO;
				DEBUG_INFORMATION_FORMAT = "dwarf-with-dsym";
				ENABLE_NS_ASSERTIONS = NO;
				ENABLE_STRICT_OBJC_MSGSEND = YES;
				ENABLE_USER_SCRIPT_SANDBOXING = YES;
				GCC_C_LANGUAGE_STANDARD = gnu17;
				GCC_NO_COMMON_BLOCKS = YES;
				GCC_WARN_64_TO_32_BIT_CONVERSION = YES;
				GCC_WARN_ABOUT_RETURN_TYPE = YES_ERROR;
				GCC_WARN_UNDECLARED_SELECTOR = YES;
				GCC_WARN_UNINITIALIZED_AUTOS = YES_AGGRESSIVE;
				GCC_WARN_UNUSED_FUNCTION = YES;
				GCC_WARN_UNUSED_VARIABLE = YES;
				IPHONEOS_DEPLOYMENT_TARGET = 18.1;
				LOCALIZATION_PREFERS_STRING_CATALOGS = YES;
				MTL_ENABLE_DEBUG_INFO = NO;
				MTL_FAST_MATH = YES;
				SDKROOT = iphoneos;
				SWIFT_COMPILATION_MODE = wholemodule;
				VALIDATE_PRODUCT = YES;
			};
			name = Release;
		};
		0E93664E2D704DC0007FF3D7 /* Debug */ = {
			isa = XCBuildConfiguration;
			buildSettings = {
				ASSETCATALOG_COMPILER_APPICON_NAME = AppIcon;
				ASSETCATALOG_COMPILER_GLOBAL_ACCENT_COLOR_NAME = AccentColor;
				CODE_SIGN_STYLE = Automatic;
				CURRENT_PROJECT_VERSION = 1;
				DEVELOPMENT_ASSET_PATHS = "\"RepasoExamen/Preview Content\"";
				ENABLE_PREVIEWS = YES;
				GENERATE_INFOPLIST_FILE = YES;
				INFOPLIST_KEY_UIApplicationSceneManifest_Generation = YES;
				INFOPLIST_KEY_UIApplicationSupportsIndirectInputEvents = YES;
				INFOPLIST_KEY_UILaunchScreen_Generation = YES;
				INFOPLIST_KEY_UISupportedInterfaceOrientations_iPad = "UIInterfaceOrientationPortrait UIInterfaceOrientationPortraitUpsideDown UIInterfaceOrientationLandscapeLeft UIInterfaceOrientationLandscapeRight";
				INFOPLIST_KEY_UISupportedInterfaceOrientations_iPhone = "UIInterfaceOrientationPortrait UIInterfaceOrientationLandscapeLeft UIInterfaceOrientationLandscapeRight";
				LD_RUNPATH_SEARCH_PATHS = (
					"$(inherited)",
					"@executable_path/Frameworks",
				);
				MARKETING_VERSION = 1.0;
				PRODUCT_BUNDLE_IDENTIFIER = utad.RepasoExamen;
				PRODUCT_NAME = "$(TARGET_NAME)";
				SWIFT_EMIT_LOC_STRINGS = YES;
				SWIFT_VERSION = 5.0;
				TARGETED_DEVICE_FAMILY = "1,2";
			};
			name = Debug;
		};
		0E93664F2D704DC0007FF3D7 /* Release */ = {
			isa = XCBuildConfiguration;
			buildSettings = {
				ASSETCATALOG_COMPILER_APPICON_NAME = AppIcon;
				ASSETCATALOG_COMPILER_GLOBAL_ACCENT_COLOR_NAME = AccentColor;
				CODE_SIGN_STYLE = Automatic;
				CURRENT_PROJECT_VERSION = 1;
				DEVELOPMENT_ASSET_PATHS = "\"RepasoExamen/Preview Content\"";
				ENABLE_PREVIEWS = YES;
				GENERATE_INFOPLIST_FILE = YES;
				INFOPLIST_KEY_UIApplicationSceneManifest_Generation = YES;
				INFOPLIST_KEY_UIApplicationSupportsIndirectInputEvents = YES;
				INFOPLIST_KEY_UILaunchScreen_Generation = YES;
				INFOPLIST_KEY_UISupportedInterfaceOrientations_iPad = "UIInterfaceOrientationPortrait UIInterfaceOrientationPortraitUpsideDown UIInterfaceOrientationLandscapeLeft UIInterfaceOrientationLandscapeRight";
				INFOPLIST_KEY_UISupportedInterfaceOrientations_iPhone = "UIInterfaceOrientationPortrait UIInterfaceOrientationLandscapeLeft UIInterfaceOrientationLandscapeRight";
				LD_RUNPATH_SEARCH_PATHS = (
					"$(inherited)",
					"@executable_path/Frameworks",
				);
				MARKETING_VERSION = 1.0;
				PRODUCT_BUNDLE_IDENTIFIER = utad.RepasoExamen;
				PRODUCT_NAME = "$(TARGET_NAME)";
				SWIFT_EMIT_LOC_STRINGS = YES;
				SWIFT_VERSION = 5.0;
				TARGETED_DEVICE_FAMILY = "1,2";
			};
			name = Release;
		};
		0E9366512D704DC0007FF3D7 /* Debug */ = {
			isa = XCBuildConfiguration;
			buildSettings = {
				BUNDLE_LOADER = "$(TEST_HOST)";
				CODE_SIGN_STYLE = Automatic;
				CURRENT_PROJECT_VERSION = 1;
				GENERATE_INFOPLIST_FILE = YES;
				IPHONEOS_DEPLOYMENT_TARGET = 18.1;
				MARKETING_VERSION = 1.0;
				PRODUCT_BUNDLE_IDENTIFIER = utad.RepasoExamenTests;
				PRODUCT_NAME = "$(TARGET_NAME)";
				SWIFT_EMIT_LOC_STRINGS = NO;
				SWIFT_VERSION = 5.0;
				TARGETED_DEVICE_FAMILY = "1,2";
				TEST_HOST = "$(BUILT_PRODUCTS_DIR)/RepasoExamen.app/$(BUNDLE_EXECUTABLE_FOLDER_PATH)/RepasoExamen";
			};
			name = Debug;
		};
		0E9366522D704DC0007FF3D7 /* Release */ = {
			isa = XCBuildConfiguration;
			buildSettings = {
				BUNDLE_LOADER = "$(TEST_HOST)";
				CODE_SIGN_STYLE = Automatic;
				CURRENT_PROJECT_VERSION = 1;
				GENERATE_INFOPLIST_FILE = YES;
				IPHONEOS_DEPLOYMENT_TARGET = 18.1;
				MARKETING_VERSION = 1.0;
				PRODUCT_BUNDLE_IDENTIFIER = utad.RepasoExamenTests;
				PRODUCT_NAME = "$(TARGET_NAME)";
				SWIFT_EMIT_LOC_STRINGS = NO;
				SWIFT_VERSION = 5.0;
				TARGETED_DEVICE_FAMILY = "1,2";
				TEST_HOST = "$(BUILT_PRODUCTS_DIR)/RepasoExamen.app/$(BUNDLE_EXECUTABLE_FOLDER_PATH)/RepasoExamen";
			};
			name = Release;
		};
		0E9366542D704DC0007FF3D7 /* Debug */ = {
			isa = XCBuildConfiguration;
			buildSettings = {
				CODE_SIGN_STYLE = Automatic;
				CURRENT_PROJECT_VERSION = 1;
				GENERATE_INFOPLIST_FILE = YES;
				MARKETING_VERSION = 1.0;
				PRODUCT_BUNDLE_IDENTIFIER = utad.RepasoExamenUITests;
				PRODUCT_NAME = "$(TARGET_NAME)";
				SWIFT_EMIT_LOC_STRINGS = NO;
				SWIFT_VERSION = 5.0;
				TARGETED_DEVICE_FAMILY = "1,2";
				TEST_TARGET_NAME = RepasoExamen;
			};
			name = Debug;
		};
		0E9366552D704DC0007FF3D7 /* Release */ = {
			isa = XCBuildConfiguration;
			buildSettings = {
				CODE_SIGN_STYLE = Automatic;
				CURRENT_PROJECT_VERSION = 1;
				GENERATE_INFOPLIST_FILE = YES;
				MARKETING_VERSION = 1.0;
				PRODUCT_BUNDLE_IDENTIFIER = utad.RepasoExamenUITests;
				PRODUCT_NAME = "$(TARGET_NAME)";
				SWIFT_EMIT_LOC_STRINGS = NO;
				SWIFT_VERSION = 5.0;
				TARGETED_DEVICE_FAMILY = "1,2";
				TEST_TARGET_NAME = RepasoExamen;
			};
			name = Release;
		};
/* End XCBuildConfiguration section */

/* Begin XCConfigurationList section */
		0E9366242D704DBF007FF3D7 /* Build configuration list for PBXProject "RepasoExamen" */ = {
			isa = XCConfigurationList;
			buildConfigurations = (
				0E93664B2D704DC0007FF3D7 /* Debug */,
				0E93664C2D704DC0007FF3D7 /* Release */,
			);
			defaultConfigurationIsVisible = 0;
			defaultConfigurationName = Release;
		};
		0E93664D2D704DC0007FF3D7 /* Build configuration list for PBXNativeTarget "RepasoExamen" */ = {
			isa = XCConfigurationList;
			buildConfigurations = (
				0E93664E2D704DC0007FF3D7 /* Debug */,
				0E93664F2D704DC0007FF3D7 /* Release */,
			);
			defaultConfigurationIsVisible = 0;
			defaultConfigurationName = Release;
		};
		0E9366502D704DC0007FF3D7 /* Build configuration list for PBXNativeTarget "RepasoExamenTests" */ = {
			isa = XCConfigurationList;
			buildConfigurations = (
				0E9366512D704DC0007FF3D7 /* Debug */,
				0E9366522D704DC0007FF3D7 /* Release */,
			);
			defaultConfigurationIsVisible = 0;
			defaultConfigurationName = Release;
		};
		0E9366532D704DC0007FF3D7 /* Build configuration list for PBXNativeTarget "RepasoExamenUITests" */ = {
			isa = XCConfigurationList;
			buildConfigurations = (
				0E9366542D704DC0007FF3D7 /* Debug */,
				0E9366552D704DC0007FF3D7 /* Release */,
			);
			defaultConfigurationIsVisible = 0;
			defaultConfigurationName = Release;
		};
/* End XCConfigurationList section */
	};
	rootObject = 0E9366212D704DBF007FF3D7 /* Project object */;
}
